<?xml version="1.0" encoding="utf-8"?>
<Project ToolsVersion="4.0" xmlns="http://schemas.microsoft.com/developer/msbuild/2003">
  <ItemGroup>
    <Filter Include="Source Files">
      <UniqueIdentifier>{4FC737F1-C7A5-4376-A066-2A32D752A2FF}</UniqueIdentifier>
      <Extensions>cpp;c;cc;cxx;c++;cppm;ixx;def;odl;idl;hpj;bat;asm;asmx</Extensions>
    </Filter>
    <Filter Include="Header Files">
      <UniqueIdentifier>{93995380-89BD-4b04-88EB-625FBE52EBFB}</UniqueIdentifier>
      <Extensions>h;hh;hpp;hxx;h++;hm;inl;inc;ipp;xsd</Extensions>
    </Filter>
    <Filter Include="Github Files">
      <UniqueIdentifier>{bd907298-fb20-4367-a7c3-f52f46915b64}</UniqueIdentifier>
    </Filter>
  </ItemGroup>
  <ItemGroup>
    <ClCompile Include="src\main.cpp">
      <Filter>Source Files</Filter>
    </ClCompile>
    <ClCompile Include="src\MainWindow.cpp">
      <Filter>Source Files</Filter>
    </ClCompile>
    <ClCompile Include="src\ControlActions.cpp">
      <Filter>Source Files</Filter>
    </ClCompile>
    <ClCompile Include="src\Control.cpp">
      <Filter>Source Files</Filter>
    </ClCompile>
    <ClCompile Include="src\TextBox.cpp">
      <Filter>Source Files</Filter>
    </ClCompile>
    <ClCompile Include="src\Button.cpp">
      <Filter>Source Files</Filter>
    </ClCompile>
    <ClCompile Include="src\FileService.cpp">
      <Filter>Source Files</Filter>
    </ClCompile>
    <ClCompile Include="src\FileDialog.cpp">
      <Filter>Source Files</Filter>
    </ClCompile>
    <ClCompile Include="src\MenuBar.cpp">
      <Filter>Source Files</Filter>
    </ClCompile>
    <ClCompile Include="src\RadioButton.cpp">
      <Filter>Source Files</Filter>
    </ClCompile>
    <ClCompile Include="src\DatePicker.cpp">
      <Filter>Source Files</Filter>
    </ClCompile>
  </ItemGroup>
  <ItemGroup>
    <None Include="README.md">
      <Filter>Github Files</Filter>
    </None>
    <None Include=".gitattributes">
      <Filter>Github Files</Filter>
    </None>
    <None Include=".gitignore">
      <Filter>Github Files</Filter>
    </None>
    <None Include="LICENSE">
      <Filter>Github Files</Filter>
    </None>
  </ItemGroup>
  <ItemGroup>
    <ClInclude Include="include\Config.h">
      <Filter>Header Files</Filter>
    </ClInclude>
    <ClInclude Include="include\BaseWindow.h">
      <Filter>Header Files</Filter>
    </ClInclude>
    <ClInclude Include="include\MainWindow.h">
      <Filter>Header Files</Filter>
    </ClInclude>
    <ClInclude Include="include\MenuBar.h">
      <Filter>Header Files</Filter>
    </ClInclude>
    <ClInclude Include="include\ResourceIDs.h">
      <Filter>Header Files</Filter>
    </ClInclude>
    <ClInclude Include="include\modules\UIModule.h">
      <Filter>Header Files</Filter>
    </ClInclude>
    <ClInclude Include="include\modules\FileSelectModule.h">
      <Filter>Header Files</Filter>
    </ClInclude>
    <ClInclude Include="include\FileService.h">
      <Filter>Header Files</Filter>
    </ClInclude>
    <ClInclude Include="include\FileDialog.h">
      <Filter>Header Files</Filter>
    </ClInclude>
    <ClInclude Include="include\UIConstants.h">
      <Filter>Header Files</Filter>
    </ClInclude>
    <ClInclude Include="include\ControlActions.h">
      <Filter>Header Files</Filter>
    </ClInclude>
    <ClInclude Include="include\Control.h">
      <Filter>Header Files</Filter>
    </ClInclude>
    <ClInclude Include="include\Button.h">
      <Filter>Header Files</Filter>
    </ClInclude>
    <ClInclude Include="include\TextBox.h">
      <Filter>Header Files</Filter>
    </ClInclude>
    <ClInclude Include="include\Concepts.h">
      <Filter>Header Files</Filter>
    </ClInclude>
    <ClInclude Include="include\ScopedComContext.h">
      <Filter>Header Files</Filter>
    </ClInclude>
    <ClInclude Include="include\RadioButton.h">
      <Filter>Header Files</Filter>
    </ClInclude>
    <ClInclude Include="include\DatePicker.h">
      <Filter>Header Files</Filter>
    </ClInclude>
  </ItemGroup>
</Project>